// !$*UTF8*$!
{
	archiveVersion = 1;
	classes = {
	};
	objectVersion = 46;
	objects = {

/* Begin PBXBuildFile section */
		FE8D2ACF1F6A5B8A00EB2657 /* AppDelegate.swift in Sources */ = {isa = PBXBuildFile; fileRef = FE8D2ACE1F6A5B8A00EB2657 /* AppDelegate.swift */; };
		FE8D2AD11F6A5B8A00EB2657 /* RootViewController.swift in Sources */ = {isa = PBXBuildFile; fileRef = FE8D2AD01F6A5B8A00EB2657 /* RootViewController.swift */; };
		FE8D2AD31F6A5B8A00EB2657 /* DataViewController.swift in Sources */ = {isa = PBXBuildFile; fileRef = FE8D2AD21F6A5B8A00EB2657 /* DataViewController.swift */; };
		FE8D2AD51F6A5B8A00EB2657 /* ModelController.swift in Sources */ = {isa = PBXBuildFile; fileRef = FE8D2AD41F6A5B8A00EB2657 /* ModelController.swift */; };
		FE8D2AD81F6A5B8A00EB2657 /* Main.storyboard in Resources */ = {isa = PBXBuildFile; fileRef = FE8D2AD61F6A5B8A00EB2657 /* Main.storyboard */; };
		FE8D2ADA1F6A5B8A00EB2657 /* Assets.xcassets in Resources */ = {isa = PBXBuildFile; fileRef = FE8D2AD91F6A5B8A00EB2657 /* Assets.xcassets */; };
		FE8D2ADD1F6A5B8A00EB2657 /* LaunchScreen.storyboard in Resources */ = {isa = PBXBuildFile; fileRef = FE8D2ADB1F6A5B8A00EB2657 /* LaunchScreen.storyboard */; };
		FE8D2AE81F6A5B8B00EB2657 /* DailyAccountingTests.swift in Sources */ = {isa = PBXBuildFile; fileRef = FE8D2AE71F6A5B8B00EB2657 /* DailyAccountingTests.swift */; };
		FE8D2AF31F6A5B8B00EB2657 /* DailyAccountingUITests.swift in Sources */ = {isa = PBXBuildFile; fileRef = FE8D2AF21F6A5B8B00EB2657 /* DailyAccountingUITests.swift */; };
/* End PBXBuildFile section */

/* Begin PBXContainerItemProxy section */
		FE8D2AE41F6A5B8B00EB2657 /* PBXContainerItemProxy */ = {
			isa = PBXContainerItemProxy;
			containerPortal = FE8D2AC31F6A5B8A00EB2657 /* Project object */;
			proxyType = 1;
			remoteGlobalIDString = FE8D2ACA1F6A5B8A00EB2657;
			remoteInfo = DailyAccounting;
		};
		FE8D2AEF1F6A5B8B00EB2657 /* PBXContainerItemProxy */ = {
			isa = PBXContainerItemProxy;
			containerPortal = FE8D2AC31F6A5B8A00EB2657 /* Project object */;
			proxyType = 1;
			remoteGlobalIDString = FE8D2ACA1F6A5B8A00EB2657;
			remoteInfo = DailyAccounting;
		};
/* End PBXContainerItemProxy section */

/* Begin PBXFileReference section */
		FE8D2ACB1F6A5B8A00EB2657 /* DailyAccounting.app */ = {isa = PBXFileReference; explicitFileType = wrapper.application; includeInIndex = 0; path = DailyAccounting.app; sourceTree = BUILT_PRODUCTS_DIR; };
		FE8D2ACE1F6A5B8A00EB2657 /* AppDelegate.swift */ = {isa = PBXFileReference; lastKnownFileType = sourcecode.swift; path = AppDelegate.swift; sourceTree = "<group>"; };
		FE8D2AD01F6A5B8A00EB2657 /* RootViewController.swift */ = {isa = PBXFileReference; lastKnownFileType = sourcecode.swift; path = RootViewController.swift; sourceTree = "<group>"; };
		FE8D2AD21F6A5B8A00EB2657 /* DataViewController.swift */ = {isa = PBXFileReference; lastKnownFileType = sourcecode.swift; path = DataViewController.swift; sourceTree = "<group>"; };
		FE8D2AD41F6A5B8A00EB2657 /* ModelController.swift */ = {isa = PBXFileReference; lastKnownFileType = sourcecode.swift; path = ModelController.swift; sourceTree = "<group>"; };
		FE8D2AD71F6A5B8A00EB2657 /* Base */ = {isa = PBXFileReference; lastKnownFileType = file.storyboard; name = Base; path = Base.lproj/Main.storyboard; sourceTree = "<group>"; };
		FE8D2AD91F6A5B8A00EB2657 /* Assets.xcassets */ = {isa = PBXFileReference; lastKnownFileType = folder.assetcatalog; path = Assets.xcassets; sourceTree = "<group>"; };
		FE8D2ADC1F6A5B8A00EB2657 /* Base */ = {isa = PBXFileReference; lastKnownFileType = file.storyboard; name = Base; path = Base.lproj/LaunchScreen.storyboard; sourceTree = "<group>"; };
		FE8D2ADE1F6A5B8A00EB2657 /* Info.plist */ = {isa = PBXFileReference; lastKnownFileType = text.plist.xml; path = Info.plist; sourceTree = "<group>"; };
		FE8D2AE31F6A5B8B00EB2657 /* DailyAccountingTests.xctest */ = {isa = PBXFileReference; explicitFileType = wrapper.cfbundle; includeInIndex = 0; path = DailyAccountingTests.xctest; sourceTree = BUILT_PRODUCTS_DIR; };
		FE8D2AE71F6A5B8B00EB2657 /* DailyAccountingTests.swift */ = {isa = PBXFileReference; lastKnownFileType = sourcecode.swift; path = DailyAccountingTests.swift; sourceTree = "<group>"; };
		FE8D2AE91F6A5B8B00EB2657 /* Info.plist */ = {isa = PBXFileReference; lastKnownFileType = text.plist.xml; path = Info.plist; sourceTree = "<group>"; };
		FE8D2AEE1F6A5B8B00EB2657 /* DailyAccountingUITests.xctest */ = {isa = PBXFileReference; explicitFileType = wrapper.cfbundle; includeInIndex = 0; path = DailyAccountingUITests.xctest; sourceTree = BUILT_PRODUCTS_DIR; };
		FE8D2AF21F6A5B8B00EB2657 /* DailyAccountingUITests.swift */ = {isa = PBXFileReference; lastKnownFileType = sourcecode.swift; path = DailyAccountingUITests.swift; sourceTree = "<group>"; };
		FE8D2AF41F6A5B8B00EB2657 /* Info.plist */ = {isa = PBXFileReference; lastKnownFileType = text.plist.xml; path = Info.plist; sourceTree = "<group>"; };
/* End PBXFileReference section */

/* Begin PBXFrameworksBuildPhase section */
		FE8D2AC81F6A5B8A00EB2657 /* Frameworks */ = {
			isa = PBXFrameworksBuildPhase;
			buildActionMask = 2147483647;
			files = (
			);
			runOnlyForDeploymentPostprocessing = 0;
		};
		FE8D2AE01F6A5B8B00EB2657 /* Frameworks */ = {
			isa = PBXFrameworksBuildPhase;
			buildActionMask = 2147483647;
			files = (
			);
			runOnlyForDeploymentPostprocessing = 0;
		};
		FE8D2AEB1F6A5B8B00EB2657 /* Frameworks */ = {
			isa = PBXFrameworksBuildPhase;
			buildActionMask = 2147483647;
			files = (
			);
			runOnlyForDeploymentPostprocessing = 0;
		};
/* End PBXFrameworksBuildPhase section */

/* Begin PBXGroup section */
		FE8D2AC21F6A5B8A00EB2657 = {
			isa = PBXGroup;
			children = (
				FE8D2ACD1F6A5B8A00EB2657 /* DailyAccounting */,
				FE8D2AE61F6A5B8B00EB2657 /* DailyAccountingTests */,
				FE8D2AF11F6A5B8B00EB2657 /* DailyAccountingUITests */,
				FE8D2ACC1F6A5B8A00EB2657 /* Products */,
			);
			sourceTree = "<group>";
		};
		FE8D2ACC1F6A5B8A00EB2657 /* Products */ = {
			isa = PBXGroup;
			children = (
				FE8D2ACB1F6A5B8A00EB2657 /* DailyAccounting.app */,
				FE8D2AE31F6A5B8B00EB2657 /* DailyAccountingTests.xctest */,
				FE8D2AEE1F6A5B8B00EB2657 /* DailyAccountingUITests.xctest */,
			);
			name = Products;
			sourceTree = "<group>";
		};
		FE8D2ACD1F6A5B8A00EB2657 /* DailyAccounting */ = {
			isa = PBXGroup;
			children = (
				FE8D2ACE1F6A5B8A00EB2657 /* AppDelegate.swift */,
				FE8D2AD01F6A5B8A00EB2657 /* RootViewController.swift */,
				FE8D2AD21F6A5B8A00EB2657 /* DataViewController.swift */,
				FE8D2AD41F6A5B8A00EB2657 /* ModelController.swift */,
				FE8D2AD61F6A5B8A00EB2657 /* Main.storyboard */,
				FE8D2AD91F6A5B8A00EB2657 /* Assets.xcassets */,
				FE8D2ADB1F6A5B8A00EB2657 /* LaunchScreen.storyboard */,
				FE8D2ADE1F6A5B8A00EB2657 /* Info.plist */,
			);
			path = DailyAccounting;
			sourceTree = "<group>";
		};
		FE8D2AE61F6A5B8B00EB2657 /* DailyAccountingTests */ = {
			isa = PBXGroup;
			children = (
				FE8D2AE71F6A5B8B00EB2657 /* DailyAccountingTests.swift */,
				FE8D2AE91F6A5B8B00EB2657 /* Info.plist */,
			);
			path = DailyAccountingTests;
			sourceTree = "<group>";
		};
		FE8D2AF11F6A5B8B00EB2657 /* DailyAccountingUITests */ = {
			isa = PBXGroup;
			children = (
				FE8D2AF21F6A5B8B00EB2657 /* DailyAccountingUITests.swift */,
				FE8D2AF41F6A5B8B00EB2657 /* Info.plist */,
			);
			path = DailyAccountingUITests;
			sourceTree = "<group>";
		};
/* End PBXGroup section */

/* Begin PBXNativeTarget section */
		FE8D2ACA1F6A5B8A00EB2657 /* DailyAccounting */ = {
			isa = PBXNativeTarget;
			buildConfigurationList = FE8D2AF71F6A5B8B00EB2657 /* Build configuration list for PBXNativeTarget "DailyAccounting" */;
			buildPhases = (
				FE8D2AC71F6A5B8A00EB2657 /* Sources */,
				FE8D2AC81F6A5B8A00EB2657 /* Frameworks */,
				FE8D2AC91F6A5B8A00EB2657 /* Resources */,
			);
			buildRules = (
			);
			dependencies = (
			);
			name = DailyAccounting;
			productName = DailyAccounting;
			productReference = FE8D2ACB1F6A5B8A00EB2657 /* DailyAccounting.app */;
			productType = "com.apple.product-type.application";
		};
		FE8D2AE21F6A5B8B00EB2657 /* DailyAccountingTests */ = {
			isa = PBXNativeTarget;
			buildConfigurationList = FE8D2AFA1F6A5B8B00EB2657 /* Build configuration list for PBXNativeTarget "DailyAccountingTests" */;
			buildPhases = (
				FE8D2ADF1F6A5B8B00EB2657 /* Sources */,
				FE8D2AE01F6A5B8B00EB2657 /* Frameworks */,
				FE8D2AE11F6A5B8B00EB2657 /* Resources */,
			);
			buildRules = (
			);
			dependencies = (
				FE8D2AE51F6A5B8B00EB2657 /* PBXTargetDependency */,
			);
			name = DailyAccountingTests;
			productName = DailyAccountingTests;
			productReference = FE8D2AE31F6A5B8B00EB2657 /* DailyAccountingTests.xctest */;
			productType = "com.apple.product-type.bundle.unit-test";
		};
		FE8D2AED1F6A5B8B00EB2657 /* DailyAccountingUITests */ = {
			isa = PBXNativeTarget;
			buildConfigurationList = FE8D2AFD1F6A5B8B00EB2657 /* Build configuration list for PBXNativeTarget "DailyAccountingUITests" */;
			buildPhases = (
				FE8D2AEA1F6A5B8B00EB2657 /* Sources */,
				FE8D2AEB1F6A5B8B00EB2657 /* Frameworks */,
				FE8D2AEC1F6A5B8B00EB2657 /* Resources */,
			);
			buildRules = (
			);
			dependencies = (
				FE8D2AF01F6A5B8B00EB2657 /* PBXTargetDependency */,
			);
			name = DailyAccountingUITests;
			productName = DailyAccountingUITests;
			productReference = FE8D2AEE1F6A5B8B00EB2657 /* DailyAccountingUITests.xctest */;
			productType = "com.apple.product-type.bundle.ui-testing";
		};
/* End PBXNativeTarget section */

/* Begin PBXProject section */
		FE8D2AC31F6A5B8A00EB2657 /* Project object */ = {
			isa = PBXProject;
			attributes = {
				LastSwiftUpdateCheck = 0830;
				LastUpgradeCheck = 0830;
				ORGANIZATIONNAME = MelbUni;
				TargetAttributes = {
					FE8D2ACA1F6A5B8A00EB2657 = {
						CreatedOnToolsVersion = 8.3.3;
						ProvisioningStyle = Automatic;
					};
					FE8D2AE21F6A5B8B00EB2657 = {
						CreatedOnToolsVersion = 8.3.3;
						ProvisioningStyle = Automatic;
						TestTargetID = FE8D2ACA1F6A5B8A00EB2657;
					};
					FE8D2AED1F6A5B8B00EB2657 = {
						CreatedOnToolsVersion = 8.3.3;
						ProvisioningStyle = Automatic;
						TestTargetID = FE8D2ACA1F6A5B8A00EB2657;
					};
				};
			};
			buildConfigurationList = FE8D2AC61F6A5B8A00EB2657 /* Build configuration list for PBXProject "DailyAccounting" */;
			compatibilityVersion = "Xcode 3.2";
			developmentRegion = English;
			hasScannedForEncodings = 0;
			knownRegions = (
				en,
				Base,
			);
			mainGroup = FE8D2AC21F6A5B8A00EB2657;
			productRefGroup = FE8D2ACC1F6A5B8A00EB2657 /* Products */;
			projectDirPath = "";
			projectRoot = "";
			targets = (
				FE8D2ACA1F6A5B8A00EB2657 /* DailyAccounting */,
				FE8D2AE21F6A5B8B00EB2657 /* DailyAccountingTests */,
				FE8D2AED1F6A5B8B00EB2657 /* DailyAccountingUITests */,
			);
		};
/* End PBXProject section */

/* Begin PBXResourcesBuildPhase section */
		FE8D2AC91F6A5B8A00EB2657 /* Resources */ = {
			isa = PBXResourcesBuildPhase;
			buildActionMask = 2147483647;
			files = (
				FE8D2ADD1F6A5B8A00EB2657 /* LaunchScreen.storyboard in Resources */,
				FE8D2ADA1F6A5B8A00EB2657 /* Assets.xcassets in Resources */,
				FE8D2AD81F6A5B8A00EB2657 /* Main.storyboard in Resources */,
			);
			runOnlyForDeploymentPostprocessing = 0;
		};
		FE8D2AE11F6A5B8B00EB2657 /* Resources */ = {
			isa = PBXResourcesBuildPhase;
			buildActionMask = 2147483647;
			files = (
			);
			runOnlyForDeploymentPostprocessing = 0;
		};
		FE8D2AEC1F6A5B8B00EB2657 /* Resources */ = {
			isa = PBXResourcesBuildPhase;
			buildActionMask = 2147483647;
			files = (
			);
			runOnlyForDeploymentPostprocessing = 0;
		};
/* End PBXResourcesBuildPhase section */

/* Begin PBXSourcesBuildPhase section */
		FE8D2AC71F6A5B8A00EB2657 /* Sources */ = {
			isa = PBXSourcesBuildPhase;
			buildActionMask = 2147483647;
			files = (
				FE8D2AD11F6A5B8A00EB2657 /* RootViewController.swift in Sources */,
				FE8D2AD51F6A5B8A00EB2657 /* ModelController.swift in Sources */,
				FE8D2AD31F6A5B8A00EB2657 /* DataViewController.swift in Sources */,
				FE8D2ACF1F6A5B8A00EB2657 /* AppDelegate.swift in Sources */,
			);
			runOnlyForDeploymentPostprocessing = 0;
		};
		FE8D2ADF1F6A5B8B00EB2657 /* Sources */ = {
			isa = PBXSourcesBuildPhase;
			buildActionMask = 2147483647;
			files = (
				FE8D2AE81F6A5B8B00EB2657 /* DailyAccountingTests.swift in Sources */,
			);
			runOnlyForDeploymentPostprocessing = 0;
		};
		FE8D2AEA1F6A5B8B00EB2657 /* Sources */ = {
			isa = PBXSourcesBuildPhase;
			buildActionMask = 2147483647;
			files = (
				FE8D2AF31F6A5B8B00EB2657 /* DailyAccountingUITests.swift in Sources */,
			);
			runOnlyForDeploymentPostprocessing = 0;
		};
/* End PBXSourcesBuildPhase section */

/* Begin PBXTargetDependency section */
		FE8D2AE51F6A5B8B00EB2657 /* PBXTargetDependency */ = {
			isa = PBXTargetDependency;
			target = FE8D2ACA1F6A5B8A00EB2657 /* DailyAccounting */;
			targetProxy = FE8D2AE41F6A5B8B00EB2657 /* PBXContainerItemProxy */;
		};
		FE8D2AF01F6A5B8B00EB2657 /* PBXTargetDependency */ = {
			isa = PBXTargetDependency;
			target = FE8D2ACA1F6A5B8A00EB2657 /* DailyAccounting */;
			targetProxy = FE8D2AEF1F6A5B8B00EB2657 /* PBXContainerItemProxy */;
		};
/* End PBXTargetDependency section */

/* Begin PBXVariantGroup section */
		FE8D2AD61F6A5B8A00EB2657 /* Main.storyboard */ = {
			isa = PBXVariantGroup;
			children = (
				FE8D2AD71F6A5B8A00EB2657 /* Base */,
			);
			name = Main.storyboard;
			sourceTree = "<group>";
		};
		FE8D2ADB1F6A5B8A00EB2657 /* LaunchScreen.storyboard */ = {
			isa = PBXVariantGroup;
			children = (
				FE8D2ADC1F6A5B8A00EB2657 /* Base */,
			);
			name = LaunchScreen.storyboard;
			sourceTree = "<group>";
		};
/* End PBXVariantGroup section */

/* Begin XCBuildConfiguration section */
		FE8D2AF51F6A5B8B00EB2657 /* Debug */ = {
			isa = XCBuildConfiguration;
			buildSettings = {
				ALWAYS_SEARCH_USER_PATHS = NO;
				CLANG_ANALYZER_NONNULL = YES;
				CLANG_ANALYZER_NUMBER_OBJECT_CONVERSION = YES_AGGRESSIVE;
				CLANG_CXX_LANGUAGE_STANDARD = "gnu++0x";
				CLANG_CXX_LIBRARY = "libc++";
				CLANG_ENABLE_MODULES = YES;
				CLANG_ENABLE_OBJC_ARC = YES;
				CLANG_WARN_BOOL_CONVERSION = YES;
				CLANG_WARN_CONSTANT_CONVERSION = YES;
				CLANG_WARN_DIRECT_OBJC_ISA_USAGE = YES_ERROR;
				CLANG_WARN_DOCUMENTATION_COMMENTS = YES;
				CLANG_WARN_EMPTY_BODY = YES;
				CLANG_WARN_ENUM_CONVERSION = YES;
				CLANG_WARN_INFINITE_RECURSION = YES;
				CLANG_WARN_INT_CONVERSION = YES;
				CLANG_WARN_OBJC_ROOT_CLASS = YES_ERROR;
				CLANG_WARN_SUSPICIOUS_MOVE = YES;
				CLANG_WARN_UNREACHABLE_CODE = YES;
				CLANG_WARN__DUPLICATE_METHOD_MATCH = YES;
				"CODE_SIGN_IDENTITY[sdk=iphoneos*]" = "iPhone Developer";
				COPY_PHASE_STRIP = NO;
				DEBUG_INFORMATION_FORMAT = dwarf;
				ENABLE_STRICT_OBJC_MSGSEND = YES;
				ENABLE_TESTABILITY = YES;
				GCC_C_LANGUAGE_STANDARD = gnu99;
				GCC_DYNAMIC_NO_PIC = NO;
				GCC_NO_COMMON_BLOCKS = YES;
				GCC_OPTIMIZATION_LEVEL = 0;
				GCC_PREPROCESSOR_DEFINITIONS = (
					"DEBUG=1",
					"$(inherited)",
				);
				GCC_WARN_64_TO_32_BIT_CONVERSION = YES;
				GCC_WARN_ABOUT_RETURN_TYPE = YES_ERROR;
				GCC_WARN_UNDECLARED_SELECTOR = YES;
				GCC_WARN_UNINITIALIZED_AUTOS = YES_AGGRESSIVE;
				GCC_WARN_UNUSED_FUNCTION = YES;
				GCC_WARN_UNUSED_VARIABLE = YES;
				IPHONEOS_DEPLOYMENT_TARGET = 10.3;
				MTL_ENABLE_DEBUG_INFO = YES;
				ONLY_ACTIVE_ARCH = YES;
				SDKROOT = iphoneos;
				SWIFT_ACTIVE_COMPILATION_CONDITIONS = DEBUG;
				SWIFT_OPTIMIZATION_LEVEL = "-Onone";
				TARGETED_DEVICE_FAMILY = "1,2";
			};
			name = Debug;
		};
		FE8D2AF61F6A5B8B00EB2657 /* Release */ = {
			isa = XCBuildConfiguration;
			buildSettings = {
				ALWAYS_SEARCH_USER_PATHS = NO;
				CLANG_ANALYZER_NONNULL = YES;
				CLANG_ANALYZER_NUMBER_OBJECT_CONVERSION = YES_AGGRESSIVE;
				CLANG_CXX_LANGUAGE_STANDARD = "gnu++0x";
				CLANG_CXX_LIBRARY = "libc++";
				CLANG_ENABLE_MODULES = YES;
				CLANG_ENABLE_OBJC_ARC = YES;
				CLANG_WARN_BOOL_CONVERSION = YES;
				CLANG_WARN_CONSTANT_CONVERSION = YES;
				CLANG_WARN_DIRECT_OBJC_ISA_USAGE = YES_ERROR;
				CLANG_WARN_DOCUMENTATION_COMMENTS = YES;
				CLANG_WARN_EMPTY_BODY = YES;
				CLANG_WARN_ENUM_CONVERSION = YES;
				CLANG_WARN_INFINITE_RECURSION = YES;
				CLANG_WARN_INT_CONVERSION = YES;
				CLANG_WARN_OBJC_ROOT_CLASS = YES_ERROR;
				CLANG_WARN_SUSPICIOUS_MOVE = YES;
				CLANG_WARN_UNREACHABLE_CODE = YES;
				CLANG_WARN__DUPLICATE_METHOD_MATCH = YES;
				"CODE_SIGN_IDENTITY[sdk=iphoneos*]" = "iPhone Developer";
				COPY_PHASE_STRIP = NO;
				DEBUG_INFORMATION_FORMAT = "dwarf-with-dsym";
				ENABLE_NS_ASSERTIONS = NO;
				ENABLE_STRICT_OBJC_MSGSEND = YES;
				GCC_C_LANGUAGE_STANDARD = gnu99;
				GCC_NO_COMMON_BLOCKS = YES;
				GCC_WARN_64_TO_32_BIT_CONVERSION = YES;
				GCC_WARN_ABOUT_RETURN_TYPE = YES_ERROR;
				GCC_WARN_UNDECLARED_SELECTOR = YES;
				GCC_WARN_UNINITIALIZED_AUTOS = YES_AGGRESSIVE;
				GCC_WARN_UNUSED_FUNCTION = YES;
				GCC_WARN_UNUSED_VARIABLE = YES;
				IPHONEOS_DEPLOYMENT_TARGET = 10.3;
				MTL_ENABLE_DEBUG_INFO = NO;
				SDKROOT = iphoneos;
				SWIFT_OPTIMIZATION_LEVEL = "-Owholemodule";
				TARGETED_DEVICE_FAMILY = "1,2";
				VALIDATE_PRODUCT = YES;
			};
			name = Release;
		};
		FE8D2AF81F6A5B8B00EB2657 /* Debug */ = {
			isa = XCBuildConfiguration;
			buildSettings = {
				ASSETCATALOG_COMPILER_APPICON_NAME = AppIcon;
				INFOPLIST_FILE = DailyAccounting/Info.plist;
				LD_RUNPATH_SEARCH_PATHS = "$(inherited) @executable_path/Frameworks";
				PRODUCT_BUNDLE_IDENTIFIER = com.MelbUni.625126.DailyAccounting;
				PRODUCT_NAME = "$(TARGET_NAME)";
				SWIFT_VERSION = 3.0;
			};
			name = Debug;
		};
		FE8D2AF91F6A5B8B00EB2657 /* Release */ = {
			isa = XCBuildConfiguration;
			buildSettings = {
				ASSETCATALOG_COMPILER_APPICON_NAME = AppIcon;
				INFOPLIST_FILE = DailyAccounting/Info.plist;
				LD_RUNPATH_SEARCH_PATHS = "$(inherited) @executable_path/Frameworks";
				PRODUCT_BUNDLE_IDENTIFIER = com.MelbUni.625126.DailyAccounting;
				PRODUCT_NAME = "$(TARGET_NAME)";
				SWIFT_VERSION = 3.0;
			};
			name = Release;
		};
		FE8D2AFB1F6A5B8B00EB2657 /* Debug */ = {
			isa = XCBuildConfiguration;
			buildSettings = {
				ALWAYS_EMBED_SWIFT_STANDARD_LIBRARIES = YES;
				BUNDLE_LOADER = "$(TEST_HOST)";
				INFOPLIST_FILE = DailyAccountingTests/Info.plist;
				LD_RUNPATH_SEARCH_PATHS = "$(inherited) @executable_path/Frameworks @loader_path/Frameworks";
				PRODUCT_BUNDLE_IDENTIFIER = com.MelbUni.625126.DailyAccountingTests;
				PRODUCT_NAME = "$(TARGET_NAME)";
				SWIFT_VERSION = 3.0;
				TEST_HOST = "$(BUILT_PRODUCTS_DIR)/DailyAccounting.app/DailyAccounting";
			};
			name = Debug;
		};
		FE8D2AFC1F6A5B8B00EB2657 /* Release */ = {
			isa = XCBuildConfiguration;
			buildSettings = {
				ALWAYS_EMBED_SWIFT_STANDARD_LIBRARIES = YES;
				BUNDLE_LOADER = "$(TEST_HOST)";
				INFOPLIST_FILE = DailyAccountingTests/Info.plist;
				LD_RUNPATH_SEARCH_PATHS = "$(inherited) @executable_path/Frameworks @loader_path/Frameworks";
				PRODUCT_BUNDLE_IDENTIFIER = com.MelbUni.625126.DailyAccountingTests;
				PRODUCT_NAME = "$(TARGET_NAME)";
				SWIFT_VERSION = 3.0;
				TEST_HOST = "$(BUILT_PRODUCTS_DIR)/DailyAccounting.app/DailyAccounting";
			};
			name = Release;
		};
		FE8D2AFE1F6A5B8B00EB2657 /* Debug */ = {
			isa = XCBuildConfiguration;
			buildSettings = {
				ALWAYS_EMBED_SWIFT_STANDARD_LIBRARIES = YES;
				INFOPLIST_FILE = DailyAccountingUITests/Info.plist;
				LD_RUNPATH_SEARCH_PATHS = "$(inherited) @executable_path/Frameworks @loader_path/Frameworks";
				PRODUCT_BUNDLE_IDENTIFIER = com.MelbUni.625126.DailyAccountingUITests;
				PRODUCT_NAME = "$(TARGET_NAME)";
				SWIFT_VERSION = 3.0;
				TEST_TARGET_NAME = DailyAccounting;
			};
			name = Debug;
		};
		FE8D2AFF1F6A5B8B00EB2657 /* Release */ = {
			isa = XCBuildConfiguration;
			buildSettings = {
				ALWAYS_EMBED_SWIFT_STANDARD_LIBRARIES = YES;
				INFOPLIST_FILE = DailyAccountingUITests/Info.plist;
				LD_RUNPATH_SEARCH_PATHS = "$(inherited) @executable_path/Frameworks @loader_path/Frameworks";
				PRODUCT_BUNDLE_IDENTIFIER = com.MelbUni.625126.DailyAccountingUITests;
				PRODUCT_NAME = "$(TARGET_NAME)";
				SWIFT_VERSION = 3.0;
				TEST_TARGET_NAME = DailyAccounting;
			};
			name = Release;
		};
/* End XCBuildConfiguration section */

/* Begin XCConfigurationList section */
		FE8D2AC61F6A5B8A00EB2657 /* Build configuration list for PBXProject "DailyAccounting" */ = {
			isa = XCConfigurationList;
			buildConfigurations = (
				FE8D2AF51F6A5B8B00EB2657 /* Debug */,
				FE8D2AF61F6A5B8B00EB2657 /* Release */,
			);
			defaultConfigurationIsVisible = 0;
			defaultConfigurationName = Release;
		};
		FE8D2AF71F6A5B8B00EB2657 /* Build configuration list for PBXNativeTarget "DailyAccounting" */ = {
			isa = XCConfigurationList;
			buildConfigurations = (
				FE8D2AF81F6A5B8B00EB2657 /* Debug */,
				FE8D2AF91F6A5B8B00EB2657 /* Release */,
			);
			defaultConfigurationIsVisible = 0;
		};
		FE8D2AFA1F6A5B8B00EB2657 /* Build configuration list for PBXNativeTarget "DailyAccountingTests" */ = {
			isa = XCConfigurationList;
			buildConfigurations = (
				FE8D2AFB1F6A5B8B00EB2657 /* Debug */,
				FE8D2AFC1F6A5B8B00EB2657 /* Release */,
			);
			defaultConfigurationIsVisible = 0;
		};
		FE8D2AFD1F6A5B8B00EB2657 /* Build configuration list for PBXNativeTarget "DailyAccountingUITests" */ = {
			isa = XCConfigurationList;
			buildConfigurations = (
				FE8D2AFE1F6A5B8B00EB2657 /* Debug */,
				FE8D2AFF1F6A5B8B00EB2657 /* Release */,
			);
			defaultConfigurationIsVisible = 0;
		};
/* End XCConfigurationList section */
	};
	rootObject = FE8D2AC31F6A5B8A00EB2657 /* Project object */;
}
